github.com/dustin/go-couch v0.0.0-20160816170231-8251128dab73/go.mod h1:WG/TWzFd/MRvOZ4jjna3FQ+K8AKhb2jOw4S2JMw9VKI=
github.com/dustin/go-nntp v0.0.0-20210723005859-f00d51cf8cc1 h1:R90ND7acg9HKYj3oJBKKefk73DULdC7IlcnS7MV0X1s=
github.com/dustin/go-nntp v0.0.0-20210723005859-f00d51cf8cc1/go.mod h1:elGbp3dKCIIdwu6jm3y6L93EVn+I6MSzYrcZXhpNS3Y=
github.com/dustin/httputil v0.0.0-20170305193905-c47743f54f89/go.mod h1:ZoDWdnxro8Kesk3zrCNOHNFWtajFPSnDMjVEjGjQu/0=
github.com/jinzhu/inflection v1.0.0 h1:K317FqzuhWc8YvSVlFMCCUb36O/S9MCKRDI7QkRKD/E=
github.com/jinzhu/inflection v1.0.0/go.mod h1:h+uFLlag+Qp1Va5pdKtLDYj+kHp5pxUVkryuEj+Srlc=
github.com/jinzhu/now v1.1.5 h1:/o9tlHleP7gOFmsnYNz3RGnqzefHA47wQpKrrdTIwXQ=
github.com/jinzhu/now v1.1.5/go.mod h1:d3SSVoowX0Lcu0IBviAWJpolVfI5UJVZZ7cO71lE/z8=
github.com/kardianos/osext v0.0.0-20190222173326-2bc1f35cddc0 h1:iQTw/8FWTuc7uiaSepXwyf3o52HaUYcV+Tu66S3F5GA=
github.com/kardianos/osext v0.0.0-20190222173326-2bc1f35cddc0/go.mod h1:1NbS8ALrpOvjt0rHPNLyCIeMtbizbir8U//inJ+zuB8=
github.com/mattn/go-sqlite3 v1.14.22 h1:2gZY6PC6kBnID23Tichd1K+Z0oS6nE/XwU+Vz/5o4kU=
github.com/mattn/go-sqlite3 v1.14.22/go.mod h1:Uh1q+B4BYcTPb+yiD3kU8Ct7aC0hY9fxUwlHK0RXw+Y=
golang.org/x/sys v0.24.0 h1:Twjiwq9dn6R1fQcyiK+wQyHWfaz/BJB+YIpzU/Cv3Xg=
golang.org/x/sys v0.24.0/go.mod h1:/VUhepiaJMQUp4+oa/7Zr1D23ma6VTLIYjOOTFZPUcA=
golang.org/x/text v0.17.0 h1:XtiM5bkSOt+ewxlOE/aE/AKEHibwj/6gvWMl9Rsh0Qc=
golang.org/x/text v0.17.0/go.mod h1:BuEKDfySbSR4drPmRPG/7iBdf8hvFMuRexcpahXilzY=
gopkg.in/sevlyar/go-daemon.v0 v0.1.6 h1:qy+vJZ3kXgz582jjwiYgMysXhT8Un90GvZqDpaSkOLs=
gopkg.in/sevlyar/go-daemon.v0 v0.1.6/go.mod h1:4UN2ZR2Nmb6p5jMaVsJuRnJkh9dPBDIt0Kknjno/hdI=
gorm.io/driver/sqlite v1.5.6 h1:fO/X46qn5NUEEOZtnjJRWRzZMe8nqJiQ9E+0hi+hKQE=
gorm.io/driver/sqlite v1.5.6/go.mod h1:U+J8craQU6Fzkcvu8oLeAQmi50TkwPEhHDEjQZXDah4=
gorm.io/gorm v1.25.11 h1:/Wfyg1B/je1hnDx3sMkX+gAlxrlZpn6X0BXRlwXlvHg=
gorm.io/gorm v1.25.11/go.mod h1:xh7N7RHfYlNc5EmcI/El95gXusucDrQnHXe0+CgWcLQ=
